{
  "requires": true,
  "lockfileVersion": 1,
  "dependencies": {
    "darkreader": {
      "version": "4.9.2",
      "resolved": "https://registry.npmjs.org/darkreader/-/darkreader-4.9.2.tgz",
      "integrity": "sha512-5Jjf2vK9BmFBzndsomFdrMsndXQwfZkd6o2WyqwexVeryrOkTYW1CLS+MKtPt7/rv+0wn9eBY4iufIDPqaaZ+g==",
      "requires": {
        "malevic": "0.18.0"
      }
    },
    "malevic": {
      "version": "0.18.0",
      "resolved": "https://registry.npmjs.org/malevic/-/malevic-0.18.0.tgz",
      "integrity": "sha512-d9XfQKexRjGUHugCUAMFjTbPnx1V8sfKcD9sYrk1/W/4/QpsgLR4x5GgkUGfHdsgQ2UbEcJSj6NWWJ+rd/m4aQ=="
    }
  }
}
